
Microsoft Visual Studio Solution File, Format Version 12.00
# Visual Studio 15
VisualStudioVersion = 15.0.28010.0
MinimumVisualStudioVersion = 10.0.40219.1
Project("{FAE04EC0-301F-11D3-BF4B-00C04F79EFBC}") = "AzureDeploymentSample1", "AzureDeploymentSample1\AzureDeploymentSample1.csproj", "{37597058-D716-4ABB-A36D-E480AFC3FAF4}"
EndProject
Global
	GlobalSection(SolutionConfigurationPlatforms) = preSolution
		Debug|Any CPU = Debug|Any CPU
		Release|Any CPU = Release|Any CPU
	EndGlobalSection
	GlobalSection(ProjectConfigurationPlatforms) = postSolution
		{37597058-D716-4ABB-A36D-E480AFC3FAF4}.Debug|Any CPU.ActiveCfg = Debug|Any CPU
		{37597058-D716-4ABB-A36D-E480AFC3FAF4}.Debug|Any CPU.Build.0 = Debug|Any CPU
		{37597058-D716-4ABB-A36D-E480AFC3FAF4}.Release|Any CPU.ActiveCfg = Release|Any CPU
		{37597058-D716-4ABB-A36D-E480AFC3FAF4}.Release|Any CPU.Build.0 = Release|Any CPU
	EndGlobalSection
	GlobalSection(SolutionProperties) = preSolution
		HideSolutionNode = FALSE
	EndGlobalSection
	GlobalSection(ExtensibilityGlobals) = postSolution
		SolutionGuid = {87D65E50-2144-4D2B-85B9-A546DBB395E2}
	EndGlobalSection
EndGlobal
